
Microsoft Visual Studio Solution File, Format Version 12.00
# Visual Studio 14
VisualStudioVersion = 14.0.23107.0
MinimumVisualStudioVersion = 10.0.40219.1
Project("{FAE04EC0-301F-11D3-BF4B-00C04F79EFBC}") = "StringExtensionsInsertIntoEachLine", "StringExtensionsInsertIntoEachLine\StringExtensionsInsertIntoEachLine.csproj", "{3C8D7E44-E4B8-4AF3-A056-7BE082C186F6}"
EndProject
Project("{FAE04EC0-301F-11D3-BF4B-00C04F79EFBC}") = "StringExtensionsInsertIntoEachLineTests", "StringExtensionsInsertIntoEachLineTests\StringExtensionsInsertIntoEachLineTests.csproj", "{462141F2-DD14-4991-8232-89B37FE298ED}"
EndProject
Global
	GlobalSection(SolutionConfigurationPlatforms) = preSolution
		Debug|Any CPU = Debug|Any CPU
		Release|Any CPU = Release|Any CPU
	EndGlobalSection
	GlobalSection(ProjectConfigurationPlatforms) = postSolution
		{3C8D7E44-E4B8-4AF3-A056-7BE082C186F6}.Debug|Any CPU.ActiveCfg = Debug|Any CPU
		{3C8D7E44-E4B8-4AF3-A056-7BE082C186F6}.Debug|Any CPU.Build.0 = Debug|Any CPU
		{3C8D7E44-E4B8-4AF3-A056-7BE082C186F6}.Release|Any CPU.ActiveCfg = Release|Any CPU
		{3C8D7E44-E4B8-4AF3-A056-7BE082C186F6}.Release|Any CPU.Build.0 = Release|Any CPU
		{462141F2-DD14-4991-8232-89B37FE298ED}.Debug|Any CPU.ActiveCfg = Debug|Any CPU
		{462141F2-DD14-4991-8232-89B37FE298ED}.Debug|Any CPU.Build.0 = Debug|Any CPU
		{462141F2-DD14-4991-8232-89B37FE298ED}.Release|Any CPU.ActiveCfg = Release|Any CPU
		{462141F2-DD14-4991-8232-89B37FE298ED}.Release|Any CPU.Build.0 = Release|Any CPU
	EndGlobalSection
	GlobalSection(SolutionProperties) = preSolution
		HideSolutionNode = FALSE
	EndGlobalSection
EndGlobal
